// !$*UTF8*$!
{
	archiveVersion = 1;
	classes = {
	};
	objectVersion = 46;
	objects = {

/* Begin PBXBuildFile section */
		BE0F682B1CE1060E00488C2B /* CTECHashTable.cpp in Sources */ = {isa = PBXBuildFile; fileRef = BE0F68291CE1060E00488C2B /* CTECHashTable.cpp */; };
		BE0F682E1CE106A700488C2B /* HashNode.cpp in Sources */ = {isa = PBXBuildFile; fileRef = BE0F682C1CE106A700488C2B /* HashNode.cpp */; };
		BE2904651CBC313000F52F86 /* NodeRunner.cpp in Sources */ = {isa = PBXBuildFile; fileRef = BE2904541CBC313000F52F86 /* NodeRunner.cpp */; };
		BE2904661CBC313000F52F86 /* ArrayNode.cpp in Sources */ = {isa = PBXBuildFile; fileRef = BE2904561CBC313000F52F86 /* ArrayNode.cpp */; };
		BE2904671CBC313000F52F86 /* CTECArray.cpp in Sources */ = {isa = PBXBuildFile; fileRef = BE2904581CBC313000F52F86 /* CTECArray.cpp */; };
		BE2904681CBC313000F52F86 /* CTECBinaryTree.cpp in Sources */ = {isa = PBXBuildFile; fileRef = BE29045A1CBC313000F52F86 /* CTECBinaryTree.cpp */; };
		BE2904691CBC313000F52F86 /* CTECList.cpp in Sources */ = {isa = PBXBuildFile; fileRef = BE29045C1CBC313000F52F86 /* CTECList.cpp */; };
		BE29046A1CBC313000F52F86 /* Node.cpp in Sources */ = {isa = PBXBuildFile; fileRef = BE29045E1CBC313000F52F86 /* Node.cpp */; };
		BE29046B1CBC313000F52F86 /* Timer.cpp in Sources */ = {isa = PBXBuildFile; fileRef = BE2904601CBC313000F52F86 /* Timer.cpp */; };
		BE29046C1CBC313000F52F86 /* TreeNode.cpp in Sources */ = {isa = PBXBuildFile; fileRef = BE2904621CBC313000F52F86 /* TreeNode.cpp */; };
		BE29046D1CBC315700F52F86 /* NodeController.cpp in Sources */ = {isa = PBXBuildFile; fileRef = BE2904521CBC313000F52F86 /* NodeController.cpp */; };
		BE880A521CCE8FD500017DA7 /* CTECGraph.cpp in Sources */ = {isa = PBXBuildFile; fileRef = BE880A501CCE8FD500017DA7 /* CTECGraph.cpp */; };
/* End PBXBuildFile section */

/* Begin PBXCopyFilesBuildPhase section */
		BE2904451CBC310900F52F86 /* CopyFiles */ = {
			isa = PBXCopyFilesBuildPhase;
			buildActionMask = 2147483647;
			dstPath = /usr/share/man/man1/;
			dstSubfolderSpec = 0;
			files = (
			);
			runOnlyForDeploymentPostprocessing = 1;
		};
/* End PBXCopyFilesBuildPhase section */

/* Begin PBXFileReference section */
		BE0F68291CE1060E00488C2B /* CTECHashTable.cpp */ = {isa = PBXFileReference; fileEncoding = 4; lastKnownFileType = sourcecode.cpp.cpp; path = CTECHashTable.cpp; sourceTree = "<group>"; };
		BE0F682A1CE1060E00488C2B /* CTECHashTable.hpp */ = {isa = PBXFileReference; fileEncoding = 4; lastKnownFileType = sourcecode.cpp.h; path = CTECHashTable.hpp; sourceTree = "<group>"; };
		BE0F682C1CE106A700488C2B /* HashNode.cpp */ = {isa = PBXFileReference; fileEncoding = 4; lastKnownFileType = sourcecode.cpp.cpp; path = HashNode.cpp; sourceTree = "<group>"; };
		BE0F682D1CE106A700488C2B /* HashNode.hpp */ = {isa = PBXFileReference; fileEncoding = 4; lastKnownFileType = sourcecode.cpp.h; path = HashNode.hpp; sourceTree = "<group>"; };
		BE2904471CBC310900F52F86 /* NodeProjectX */ = {isa = PBXFileReference; explicitFileType = "compiled.mach-o.executable"; includeInIndex = 0; path = NodeProjectX; sourceTree = BUILT_PRODUCTS_DIR; };
		BE2904521CBC313000F52F86 /* NodeController.cpp */ = {isa = PBXFileReference; fileEncoding = 4; lastKnownFileType = sourcecode.cpp.cpp; path = NodeController.cpp; sourceTree = "<group>"; };
		BE2904531CBC313000F52F86 /* NodeController.h */ = {isa = PBXFileReference; fileEncoding = 4; lastKnownFileType = sourcecode.c.h; path = NodeController.h; sourceTree = "<group>"; };
		BE2904541CBC313000F52F86 /* NodeRunner.cpp */ = {isa = PBXFileReference; fileEncoding = 4; lastKnownFileType = sourcecode.cpp.cpp; path = NodeRunner.cpp; sourceTree = "<group>"; };
		BE2904561CBC313000F52F86 /* ArrayNode.cpp */ = {isa = PBXFileReference; fileEncoding = 4; lastKnownFileType = sourcecode.cpp.cpp; path = ArrayNode.cpp; sourceTree = "<group>"; };
		BE2904571CBC313000F52F86 /* ArrayNode.h */ = {isa = PBXFileReference; fileEncoding = 4; lastKnownFileType = sourcecode.c.h; path = ArrayNode.h; sourceTree = "<group>"; };
		BE2904581CBC313000F52F86 /* CTECArray.cpp */ = {isa = PBXFileReference; fileEncoding = 4; lastKnownFileType = sourcecode.cpp.cpp; path = CTECArray.cpp; sourceTree = "<group>"; };
		BE2904591CBC313000F52F86 /* CTECArray.h */ = {isa = PBXFileReference; fileEncoding = 4; lastKnownFileType = sourcecode.c.h; path = CTECArray.h; sourceTree = "<group>"; };
		BE29045A1CBC313000F52F86 /* CTECBinaryTree.cpp */ = {isa = PBXFileReference; fileEncoding = 4; lastKnownFileType = sourcecode.cpp.cpp; path = CTECBinaryTree.cpp; sourceTree = "<group>"; };
		BE29045B1CBC313000F52F86 /* CTECBinaryTree.h */ = {isa = PBXFileReference; fileEncoding = 4; lastKnownFileType = sourcecode.c.h; path = CTECBinaryTree.h; sourceTree = "<group>"; };
		BE29045C1CBC313000F52F86 /* CTECList.cpp */ = {isa = PBXFileReference; fileEncoding = 4; lastKnownFileType = sourcecode.cpp.cpp; path = CTECList.cpp; sourceTree = "<group>"; };
		BE29045D1CBC313000F52F86 /* CTECList.h */ = {isa = PBXFileReference; fileEncoding = 4; lastKnownFileType = sourcecode.c.h; path = CTECList.h; sourceTree = "<group>"; };
		BE29045E1CBC313000F52F86 /* Node.cpp */ = {isa = PBXFileReference; fileEncoding = 4; lastKnownFileType = sourcecode.cpp.cpp; path = Node.cpp; sourceTree = "<group>"; };
		BE29045F1CBC313000F52F86 /* Node.h */ = {isa = PBXFileReference; fileEncoding = 4; lastKnownFileType = sourcecode.c.h; path = Node.h; sourceTree = "<group>"; };
		BE2904601CBC313000F52F86 /* Timer.cpp */ = {isa = PBXFileReference; fileEncoding = 4; lastKnownFileType = sourcecode.cpp.cpp; path = Timer.cpp; sourceTree = "<group>"; };
		BE2904611CBC313000F52F86 /* Timer.h */ = {isa = PBXFileReference; fileEncoding = 4; lastKnownFileType = sourcecode.c.h; path = Timer.h; sourceTree = "<group>"; };
		BE2904621CBC313000F52F86 /* TreeNode.cpp */ = {isa = PBXFileReference; fileEncoding = 4; lastKnownFileType = sourcecode.cpp.cpp; path = TreeNode.cpp; sourceTree = "<group>"; };
		BE2904631CBC313000F52F86 /* TreeNode.h */ = {isa = PBXFileReference; fileEncoding = 4; lastKnownFileType = sourcecode.c.h; path = TreeNode.h; sourceTree = "<group>"; };
		BE880A501CCE8FD500017DA7 /* CTECGraph.cpp */ = {isa = PBXFileReference; fileEncoding = 4; lastKnownFileType = sourcecode.cpp.cpp; path = CTECGraph.cpp; sourceTree = "<group>"; };
		BE880A511CCE8FD500017DA7 /* CTECGraph.hpp */ = {isa = PBXFileReference; fileEncoding = 4; lastKnownFileType = sourcecode.cpp.h; path = CTECGraph.hpp; sourceTree = "<group>"; };
/* End PBXFileReference section */

/* Begin PBXFrameworksBuildPhase section */
		BE2904441CBC310900F52F86 /* Frameworks */ = {
			isa = PBXFrameworksBuildPhase;
			buildActionMask = 2147483647;
			files = (
			);
			runOnlyForDeploymentPostprocessing = 0;
		};
/* End PBXFrameworksBuildPhase section */

/* Begin PBXGroup section */
		BE29043E1CBC310900F52F86 = {
			isa = PBXGroup;
			children = (
				BE2904511CBC313000F52F86 /* Controller */,
				BE2904551CBC313000F52F86 /* Model */,
				BE2904481CBC310900F52F86 /* Products */,
			);
			sourceTree = "<group>";
		};
		BE2904481CBC310900F52F86 /* Products */ = {
			isa = PBXGroup;
			children = (
				BE2904471CBC310900F52F86 /* NodeProjectX */,
			);
			name = Products;
			sourceTree = "<group>";
		};
		BE2904511CBC313000F52F86 /* Controller */ = {
			isa = PBXGroup;
			children = (
				BE2904521CBC313000F52F86 /* NodeController.cpp */,
				BE2904531CBC313000F52F86 /* NodeController.h */,
				BE2904541CBC313000F52F86 /* NodeRunner.cpp */,
			);
			path = Controller;
			sourceTree = "<group>";
		};
		BE2904551CBC313000F52F86 /* Model */ = {
			isa = PBXGroup;
			children = (
				BE2904561CBC313000F52F86 /* ArrayNode.cpp */,
				BE2904571CBC313000F52F86 /* ArrayNode.h */,
				BE2904581CBC313000F52F86 /* CTECArray.cpp */,
				BE2904591CBC313000F52F86 /* CTECArray.h */,
				BE29045A1CBC313000F52F86 /* CTECBinaryTree.cpp */,
				BE29045B1CBC313000F52F86 /* CTECBinaryTree.h */,
				BE29045C1CBC313000F52F86 /* CTECList.cpp */,
				BE29045D1CBC313000F52F86 /* CTECList.h */,
				BE29045E1CBC313000F52F86 /* Node.cpp */,
				BE29045F1CBC313000F52F86 /* Node.h */,
				BE2904601CBC313000F52F86 /* Timer.cpp */,
				BE2904611CBC313000F52F86 /* Timer.h */,
				BE2904621CBC313000F52F86 /* TreeNode.cpp */,
				BE2904631CBC313000F52F86 /* TreeNode.h */,
				BE880A501CCE8FD500017DA7 /* CTECGraph.cpp */,
				BE880A511CCE8FD500017DA7 /* CTECGraph.hpp */,
				BE0F68291CE1060E00488C2B /* CTECHashTable.cpp */,
				BE0F682A1CE1060E00488C2B /* CTECHashTable.hpp */,
				BE0F682C1CE106A700488C2B /* HashNode.cpp */,
				BE0F682D1CE106A700488C2B /* HashNode.hpp */,
			);
			path = Model;
			sourceTree = "<group>";
		};
/* End PBXGroup section */

/* Begin PBXNativeTarget section */
		BE2904461CBC310900F52F86 /* NodeProjectX */ = {
			isa = PBXNativeTarget;
			buildConfigurationList = BE29044E1CBC310900F52F86 /* Build configuration list for PBXNativeTarget "NodeProjectX" */;
			buildPhases = (
				BE2904431CBC310900F52F86 /* Sources */,
				BE2904441CBC310900F52F86 /* Frameworks */,
				BE2904451CBC310900F52F86 /* CopyFiles */,
			);
			buildRules = (
			);
			dependencies = (
			);
			name = NodeProjectX;
			productName = NodeProjectX;
			productReference = BE2904471CBC310900F52F86 /* NodeProjectX */;
			productType = "com.apple.product-type.tool";
		};
/* End PBXNativeTarget section */

/* Begin PBXProject section */
		BE29043F1CBC310900F52F86 /* Project object */ = {
			isa = PBXProject;
			attributes = {
				LastUpgradeCheck = 0720;
				ORGANIZATIONNAME = CTEC;
				TargetAttributes = {
					BE2904461CBC310900F52F86 = {
						CreatedOnToolsVersion = 7.2;
					};
				};
			};
			buildConfigurationList = BE2904421CBC310900F52F86 /* Build configuration list for PBXProject "NodeProjectX" */;
			compatibilityVersion = "Xcode 3.2";
			developmentRegion = English;
			hasScannedForEncodings = 0;
			knownRegions = (
				en,
			);
			mainGroup = BE29043E1CBC310900F52F86;
			productRefGroup = BE2904481CBC310900F52F86 /* Products */;
			projectDirPath = "";
			projectRoot = "";
			targets = (
				BE2904461CBC310900F52F86 /* NodeProjectX */,
			);
		};
/* End PBXProject section */

/* Begin PBXSourcesBuildPhase section */
		BE2904431CBC310900F52F86 /* Sources */ = {
			isa = PBXSourcesBuildPhase;
			buildActionMask = 2147483647;
			files = (
				BE29046D1CBC315700F52F86 /* NodeController.cpp in Sources */,
				BE2904651CBC313000F52F86 /* NodeRunner.cpp in Sources */,
				BE2904681CBC313000F52F86 /* CTECBinaryTree.cpp in Sources */,
				BE880A521CCE8FD500017DA7 /* CTECGraph.cpp in Sources */,
				BE2904661CBC313000F52F86 /* ArrayNode.cpp in Sources */,
				BE2904691CBC313000F52F86 /* CTECList.cpp in Sources */,
				BE29046B1CBC313000F52F86 /* Timer.cpp in Sources */,
				BE29046C1CBC313000F52F86 /* TreeNode.cpp in Sources */,
				BE2904671CBC313000F52F86 /* CTECArray.cpp in Sources */,
				BE0F682B1CE1060E00488C2B /* CTECHashTable.cpp in Sources */,
				BE29046A1CBC313000F52F86 /* Node.cpp in Sources */,
				BE0F682E1CE106A700488C2B /* HashNode.cpp in Sources */,
			);
			runOnlyForDeploymentPostprocessing = 0;
		};
/* End PBXSourcesBuildPhase section */

/* Begin XCBuildConfiguration section */
		BE29044C1CBC310900F52F86 /* Debug */ = {
			isa = XCBuildConfiguration;
			buildSettings = {
				ALWAYS_SEARCH_USER_PATHS = NO;
				CLANG_CXX_LANGUAGE_STANDARD = "gnu++0x";
				CLANG_CXX_LIBRARY = "libc++";
				CLANG_ENABLE_MODULES = YES;
				CLANG_ENABLE_OBJC_ARC = YES;
				CLANG_WARN_BOOL_CONVERSION = YES;
				CLANG_WARN_CONSTANT_CONVERSION = YES;
				CLANG_WARN_DIRECT_OBJC_ISA_USAGE = YES_ERROR;
				CLANG_WARN_EMPTY_BODY = YES;
				CLANG_WARN_ENUM_CONVERSION = YES;
				CLANG_WARN_INT_CONVERSION = YES;
				CLANG_WARN_OBJC_ROOT_CLASS = YES_ERROR;
				CLANG_WARN_UNREACHABLE_CODE = YES;
				CLANG_WARN__DUPLICATE_METHOD_MATCH = YES;
				CODE_SIGN_IDENTITY = "-";
				COPY_PHASE_STRIP = NO;
				DEBUG_INFORMATION_FORMAT = dwarf;
				ENABLE_STRICT_OBJC_MSGSEND = YES;
				ENABLE_TESTABILITY = YES;
				GCC_C_LANGUAGE_STANDARD = gnu99;
				GCC_DYNAMIC_NO_PIC = NO;
				GCC_NO_COMMON_BLOCKS = YES;
				GCC_OPTIMIZATION_LEVEL = 0;
				GCC_PREPROCESSOR_DEFINITIONS = (
					"DEBUG=1",
					"$(inherited)",
				);
				GCC_WARN_64_TO_32_BIT_CONVERSION = YES;
				GCC_WARN_ABOUT_RETURN_TYPE = YES_ERROR;
				GCC_WARN_UNDECLARED_SELECTOR = YES;
				GCC_WARN_UNINITIALIZED_AUTOS = YES_AGGRESSIVE;
				GCC_WARN_UNUSED_FUNCTION = YES;
				GCC_WARN_UNUSED_VARIABLE = YES;
				MACOSX_DEPLOYMENT_TARGET = 10.10;
				MTL_ENABLE_DEBUG_INFO = YES;
				ONLY_ACTIVE_ARCH = YES;
				SDKROOT = macosx;
			};
			name = Debug;
		};
		BE29044D1CBC310900F52F86 /* Release */ = {
			isa = XCBuildConfiguration;
			buildSettings = {
				ALWAYS_SEARCH_USER_PATHS = NO;
				CLANG_CXX_LANGUAGE_STANDARD = "gnu++0x";
				CLANG_CXX_LIBRARY = "libc++";
				CLANG_ENABLE_MODULES = YES;
				CLANG_ENABLE_OBJC_ARC = YES;
				CLANG_WARN_BOOL_CONVERSION = YES;
				CLANG_WARN_CONSTANT_CONVERSION = YES;
				CLANG_WARN_DIRECT_OBJC_ISA_USAGE = YES_ERROR;
				CLANG_WARN_EMPTY_BODY = YES;
				CLANG_WARN_ENUM_CONVERSION = YES;
				CLANG_WARN_INT_CONVERSION = YES;
				CLANG_WARN_OBJC_ROOT_CLASS = YES_ERROR;
				CLANG_WARN_UNREACHABLE_CODE = YES;
				CLANG_WARN__DUPLICATE_METHOD_MATCH = YES;
				CODE_SIGN_IDENTITY = "-";
				COPY_PHASE_STRIP = NO;
				DEBUG_INFORMATION_FORMAT = "dwarf-with-dsym";
				ENABLE_NS_ASSERTIONS = NO;
				ENABLE_STRICT_OBJC_MSGSEND = YES;
				GCC_C_LANGUAGE_STANDARD = gnu99;
				GCC_NO_COMMON_BLOCKS = YES;
				GCC_WARN_64_TO_32_BIT_CONVERSION = YES;
				GCC_WARN_ABOUT_RETURN_TYPE = YES_ERROR;
				GCC_WARN_UNDECLARED_SELECTOR = YES;
				GCC_WARN_UNINITIALIZED_AUTOS = YES_AGGRESSIVE;
				GCC_WARN_UNUSED_FUNCTION = YES;
				GCC_WARN_UNUSED_VARIABLE = YES;
				MACOSX_DEPLOYMENT_TARGET = 10.10;
				MTL_ENABLE_DEBUG_INFO = NO;
				SDKROOT = macosx;
			};
			name = Release;
		};
		BE29044F1CBC310900F52F86 /* Debug */ = {
			isa = XCBuildConfiguration;
			buildSettings = {
				PRODUCT_NAME = "$(TARGET_NAME)";
			};
			name = Debug;
		};
		BE2904501CBC310900F52F86 /* Release */ = {
			isa = XCBuildConfiguration;
			buildSettings = {
				PRODUCT_NAME = "$(TARGET_NAME)";
			};
			name = Release;
		};
/* End XCBuildConfiguration section */

/* Begin XCConfigurationList section */
		BE2904421CBC310900F52F86 /* Build configuration list for PBXProject "NodeProjectX" */ = {
			isa = XCConfigurationList;
			buildConfigurations = (
				BE29044C1CBC310900F52F86 /* Debug */,
				BE29044D1CBC310900F52F86 /* Release */,
			);
			defaultConfigurationIsVisible = 0;
			defaultConfigurationName = Release;
		};
		BE29044E1CBC310900F52F86 /* Build configuration list for PBXNativeTarget "NodeProjectX" */ = {
			isa = XCConfigurationList;
			buildConfigurations = (
				BE29044F1CBC310900F52F86 /* Debug */,
				BE2904501CBC310900F52F86 /* Release */,
			);
			defaultConfigurationIsVisible = 0;
			defaultConfigurationName = Release;
		};
/* End XCConfigurationList section */
	};
	rootObject = BE29043F1CBC310900F52F86 /* Project object */;
}
